{
    "_meta": {
        "hash": {
            "sha256": "f9104891b1c37d2ffeca25133efbfbf065e29c8e4260753dbd15852263aa1216"
        },
        "pipfile-spec": 6,
        "requires": {
            "python_version": "3.10"
        },
        "sources": [
            {
                "name": "pypi",
                "url": "https://pypi.org/simple",
                "verify_ssl": true
            }
        ]
    },
    "default": {
        "asgiref": {
            "hashes": [
                "sha256:3e1e3ecc849832fe52ccf2cb6686b7a55f82bb1d6aee72a58826471390335e47",
                "sha256:c343bd80a0bec947a9860adb4c432ffa7db769836c64238fc34bdc3fec84d590"
            ],
            "markers": "python_version >= '3.8'",
            "version": "==3.8.1"
        },
        "autopep8": {
            "hashes": [
                "sha256:8d6c87eba648fdcfc83e29b788910b8643171c395d9c4bcf115ece035b9c9dda",
                "sha256:a203fe0fcad7939987422140ab17a930f684763bf7335bdb6709991dd7ef6c2d"
            ],
            "index": "pypi",
            "markers": "python_version >= '3.8'",
            "version": "==2.3.1"
        },
        "confluent-kafka": {
            "hashes": [
                "sha256:0751302b0fd8090cbca92d7d34d237768923107b30de2611f3db93c2118cf2a8",
                "sha256:0b14928cddba963ea7d1c66aa268b6d37976bc91b4cf2100b5b7336d848ced22",
                "sha256:0cdb150c12d5ac6e33572cbf16243284c65a178e3719baa610a48d672e9d92bf",
                "sha256:0e0cb3b18a59d1c6fcae60297ee25b5c65d5c39c8ad8033a8fa1392498a71c9e",
                "sha256:27d048429b138667c51541adc04bb398afa61a37a7be89f16ff9a318019d02c6",
                "sha256:2b8eef8c2f963ca6f5fcc79a0d6edef4e25fba83dfc0ef3f0401e1644f60ff11",
                "sha256:3b69c3120e0cac9ca463ca603ddc9d4e811409ef4ec69d2b6bb8bd94d6fce95e",
                "sha256:3daad72791ae06dec257c9105278e89ae0924e86ef107a1acb443106f002f361",
                "sha256:46c6063726fcdae835902961bb6c0e4c148499b87fdd513e6b2a6b406922ae3e",
                "sha256:490836e9fc3b4489721327e3df987c8667916a97d178e2296913c8d5de6623a9",
                "sha256:4cfb18d69e6912fe90cbbcc9c7d805988122c51ab3041e1424ace64bc31b736f",
                "sha256:4dd5fa74231fc21c3a26eeda1999a27f84768a6291a8b04c3cd61ac1deea4ace",
                "sha256:505078b402dde98dc06dc66b6356acd19984742ef6b82dd52fb860f2a14b5a57",
                "sha256:5122b8e9f94b6160d47e8f0020857376caa21f715b95c4b13c68683b47260c8f",
                "sha256:61a92637bea8fca454ec711f46e7753647deb7da56132995103acb5eb5041a29",
                "sha256:7125c3f86a76136b25aa21c94303b33709e2dd15f777395ea81fbd6872d9147b",
                "sha256:75e1da68b199ef2472e47785d9a5c2dc75d307ed78827ad929bb733728b18567",
                "sha256:806c43fd1524034a9b6c958b4f9395ff5f56ef697218a336eac1da5006184f66",
                "sha256:8a1a2a8756b2c1cd2654ea83d1e819a6e2c0a4337eacec50bfd2ab1f0c24a29c",
                "sha256:8d86de3e2c7bb59fb16faea468e833712912106f32a3a3ec345088c366042734",
                "sha256:8ec7a407bcb2eb122ff159d602cedc41d858f4c66a436c778f5d2f9f15fbec4e",
                "sha256:a2ed265bf3420811efd802fd8ebf5ec0f20a82e9baeff5299a67f6a84dde1b06",
                "sha256:a6f152e704b01c6a726233d081921454b7de106a5e4036994d1d5f4b34e7e46f",
                "sha256:ac8b5fe45ee9c11ce7a516dc7c41441ebb17d9ff63c8646a59b8e52bd791b154",
                "sha256:c284eefed1b27133d90afc0fa2fd735864db8501190f3c2e0c8d8b1a20b07759",
                "sha256:cfabe291cda68fdc3136f2f367dd4e5a6c3750113785f0c1936ba9cae09f4e9d",
                "sha256:dae80e9e1e4417462fe61f64da0ab111395719e35c9f7f3eac7c671ff5e868fe",
                "sha256:db30418bb36723a02ba51e058312056d0403c5f245beb379bff66e4b0c14337b",
                "sha256:e9ffb298b3ea3477afdaa5da6033d35dc0be01b10537d9b63994411e79b41477",
                "sha256:eb80c22a7ca17839f229f299bafca1450c9fe4d5ca222e60e52428df91d42b56",
                "sha256:eca625b0a8742d864a954bbe6493d453c07bacedf9e10d71a54dd1047f775778",
                "sha256:f034f13c08ba238154d818294ceabb2257e8df8fb6489f891ec7600c7c541553",
                "sha256:f626494cd6ad18fa2ed83f80d687bc0194cff6f61b3d4f2aa183efa23ede2e02",
                "sha256:fa2318eaa9b2d5f3ebc2022b71e4ebf6242c13963b4faccf46eea49fea0ad91f"
            ],
            "index": "pypi",
            "version": "==2.5.3"
        },
        "dj-database-url": {
            "hashes": [
                "sha256:3e792567b0aa9a4884860af05fe2aa4968071ad351e033b6db632f97ac6db9de",
                "sha256:9f9b05058ddf888f1e6f840048b8d705ff9395e3b52a07165daa3d8b9360551b"
            ],
            "index": "pypi",
            "version": "==2.2.0"
        },
        "django": {
            "hashes": [
                "sha256:021ffb7fdab3d2d388bc8c7c2434eb9c1f6f4d09e6119010bbb1694dda286bc2",
                "sha256:71603f27dac22a6533fb38d83072eea9ddb4017fead6f67f2562a40402d61c3f"
            ],
            "index": "pypi",
            "markers": "python_version >= '3.10'",
            "version": "==5.1.1"
        },
        "django-cors-headers": {
            "hashes": [
                "sha256:5c6e3b7fe870876a1efdfeb4f433782c3524078fa0dc9e0195f6706ce7a242f6",
                "sha256:92cf4633e22af67a230a1456cb1b7a02bb213d6536d2dcb2a4a24092ea9cebc2"
            ],
            "index": "pypi",
            "markers": "python_version >= '3.8'",
            "version": "==4.4.0"
        },
        "django-environ": {
            "hashes": [
                "sha256:0ff95ab4344bfeff693836aa978e6840abef2e2f1145adff7735892711590c05",
                "sha256:f32a87aa0899894c27d4e1776fa6b477e8164ed7f6b3e410a62a6d72caaf64be"
            ],
            "index": "pypi",
            "markers": "python_version >= '3.6' and python_version < '4'",
            "version": "==0.11.2"
        },
        "djangorestframework": {
            "hashes": [
                "sha256:2b8871b062ba1aefc2de01f773875441a961fefbf79f5eed1e32b2f096944b20",
                "sha256:36fe88cd2d6c6bec23dca9804bab2ba5517a8bb9d8f47ebc68981b56840107ad"
            ],
            "index": "pypi",
            "markers": "python_version >= '3.8'",
            "version": "==3.15.2"
        },
        "pycodestyle": {
            "hashes": [
                "sha256:46f0fb92069a7c28ab7bb558f05bfc0110dac69a0cd23c61ea0040283a9d78b3",
                "sha256:6838eae08bbce4f6accd5d5572075c63626a15ee3e6f842df996bf62f6d73521"
            ],
            "markers": "python_version >= '3.8'",
            "version": "==2.12.1"
        },
        "sqlparse": {
            "hashes": [
                "sha256:773dcbf9a5ab44a090f3441e2180efe2560220203dc2f8c0b0fa141e18b505e4",
                "sha256:bb6b4df465655ef332548e24f08e205afc81b9ab86cb1c45657a7ff173a3a00e"
            ],
            "markers": "python_version >= '3.8'",
            "version": "==0.5.1"
        },
        "tomli": {
            "hashes": [
                "sha256:939de3e7a6161af0c887ef91b7d41a53e7c5a1ca976325f429cb46ea9bc30ecc",
                "sha256:de526c12914f0c550d15924c62d72abc48d6fe7364aa87328337a31007fe8a4f"
            ],
            "markers": "python_version < '3.11'",
            "version": "==2.0.1"
        },
        "typing-extensions": {
            "hashes": [
                "sha256:04e5ca0351e0f3f85c6853954072df659d0d13fac324d0072316b67d7794700d",
                "sha256:1a7ead55c7e559dd4dee8856e3a88b41225abfe1ce8df57b7c13915fe121ffb8"
            ],
            "markers": "python_version >= '3.8'",
            "version": "==4.12.2"
        }
    },
    "develop": {}
}
